// !$*UTF8*$!
{
	archiveVersion = 1;
	classes = {
	};
	objectVersion = 50;
	objects = {

/* Begin PBXBuildFile section */
		775D21E32113568600761209 /* AppDelegate.m in Sources */ = {isa = PBXBuildFile; fileRef = 775D21E22113568600761209 /* AppDelegate.m */; };
		775D21E62113568600761209 /* ViewController.m in Sources */ = {isa = PBXBuildFile; fileRef = 775D21E52113568600761209 /* ViewController.m */; };
		775D21E92113568600761209 /* Main.storyboard in Resources */ = {isa = PBXBuildFile; fileRef = 775D21E72113568600761209 /* Main.storyboard */; };
		775D21EB2113568800761209 /* Assets.xcassets in Resources */ = {isa = PBXBuildFile; fileRef = 775D21EA2113568800761209 /* Assets.xcassets */; };
		775D21EE2113568800761209 /* LaunchScreen.storyboard in Resources */ = {isa = PBXBuildFile; fileRef = 775D21EC2113568800761209 /* LaunchScreen.storyboard */; };
		775D21F12113568800761209 /* main.m in Sources */ = {isa = PBXBuildFile; fileRef = 775D21F02113568800761209 /* main.m */; };
		775D21FB2113586200761209 /* tenants.json in Resources */ = {isa = PBXBuildFile; fileRef = 775D21F72113586200761209 /* tenants.json */; };
		775D21FC2113586200761209 /* TGMapViewController.m in Sources */ = {isa = PBXBuildFile; fileRef = 775D21F82113586200761209 /* TGMapViewController.m */; };
		775D21FD2113586200761209 /* tmapswww in Resources */ = {isa = PBXBuildFile; fileRef = 775D21FA2113586200761209 /* tmapswww */; };
		CA7B7AD1AFA62EBB3D797270 /* libPods-LBS_for_Hajj.a in Frameworks */ = {isa = PBXBuildFile; fileRef = F64AE6CF79EAC2C77BF8AE04 /* libPods-LBS_for_Hajj.a */; };
/* End PBXBuildFile section */

/* Begin PBXFileReference section */
		407FE8B29404AF9607FC601C /* Pods-LBS_for_Hajj.release.xcconfig */ = {isa = PBXFileReference; includeInIndex = 1; lastKnownFileType = text.xcconfig; name = "Pods-LBS_for_Hajj.release.xcconfig"; path = "Pods/Target Support Files/Pods-LBS_for_Hajj/Pods-LBS_for_Hajj.release.xcconfig"; sourceTree = "<group>"; };
		775D21DE2113568600761209 /* LBS_for_Hajj.app */ = {isa = PBXFileReference; explicitFileType = wrapper.application; includeInIndex = 0; path = LBS_for_Hajj.app; sourceTree = BUILT_PRODUCTS_DIR; };
		775D21E12113568600761209 /* AppDelegate.h */ = {isa = PBXFileReference; lastKnownFileType = sourcecode.c.h; path = AppDelegate.h; sourceTree = "<group>"; };
		775D21E22113568600761209 /* AppDelegate.m */ = {isa = PBXFileReference; lastKnownFileType = sourcecode.c.objc; path = AppDelegate.m; sourceTree = "<group>"; };
		775D21E42113568600761209 /* ViewController.h */ = {isa = PBXFileReference; lastKnownFileType = sourcecode.c.h; path = ViewController.h; sourceTree = "<group>"; };
		775D21E52113568600761209 /* ViewController.m */ = {isa = PBXFileReference; lastKnownFileType = sourcecode.c.objc; path = ViewController.m; sourceTree = "<group>"; };
		775D21E82113568600761209 /* Base */ = {isa = PBXFileReference; lastKnownFileType = file.storyboard; name = Base; path = Base.lproj/Main.storyboard; sourceTree = "<group>"; };
		775D21EA2113568800761209 /* Assets.xcassets */ = {isa = PBXFileReference; lastKnownFileType = folder.assetcatalog; path = Assets.xcassets; sourceTree = "<group>"; };
		775D21ED2113568800761209 /* Base */ = {isa = PBXFileReference; lastKnownFileType = file.storyboard; name = Base; path = Base.lproj/LaunchScreen.storyboard; sourceTree = "<group>"; };
		775D21EF2113568800761209 /* Info.plist */ = {isa = PBXFileReference; lastKnownFileType = text.plist.xml; path = Info.plist; sourceTree = "<group>"; };
		775D21F02113568800761209 /* main.m */ = {isa = PBXFileReference; lastKnownFileType = sourcecode.c.objc; path = main.m; sourceTree = "<group>"; };
		775D21F72113586200761209 /* tenants.json */ = {isa = PBXFileReference; fileEncoding = 4; lastKnownFileType = text.json; path = tenants.json; sourceTree = "<group>"; };
		775D21F82113586200761209 /* TGMapViewController.m */ = {isa = PBXFileReference; fileEncoding = 4; lastKnownFileType = sourcecode.c.objc; path = TGMapViewController.m; sourceTree = "<group>"; };
		775D21F92113586200761209 /* TGMapViewController.h */ = {isa = PBXFileReference; fileEncoding = 4; lastKnownFileType = sourcecode.c.h; path = TGMapViewController.h; sourceTree = "<group>"; };
		775D21FA2113586200761209 /* tmapswww */ = {isa = PBXFileReference; lastKnownFileType = folder; path = tmapswww; sourceTree = "<group>"; };
		CEEEA8E7E46A201CCEF175A8 /* Pods-LBS_for_Hajj.debug.xcconfig */ = {isa = PBXFileReference; includeInIndex = 1; lastKnownFileType = text.xcconfig; name = "Pods-LBS_for_Hajj.debug.xcconfig"; path = "Pods/Target Support Files/Pods-LBS_for_Hajj/Pods-LBS_for_Hajj.debug.xcconfig"; sourceTree = "<group>"; };
		F64AE6CF79EAC2C77BF8AE04 /* libPods-LBS_for_Hajj.a */ = {isa = PBXFileReference; explicitFileType = archive.ar; includeInIndex = 0; path = "libPods-LBS_for_Hajj.a"; sourceTree = BUILT_PRODUCTS_DIR; };
/* End PBXFileReference section */

/* Begin PBXFrameworksBuildPhase section */
		775D21DB2113568600761209 /* Frameworks */ = {
			isa = PBXFrameworksBuildPhase;
			buildActionMask = 2147483647;
			files = (
				CA7B7AD1AFA62EBB3D797270 /* libPods-LBS_for_Hajj.a in Frameworks */,
			);
			runOnlyForDeploymentPostprocessing = 0;
		};
/* End PBXFrameworksBuildPhase section */

/* Begin PBXGroup section */
		6E41B05D139229882B8978FF /* Pods */ = {
			isa = PBXGroup;
			children = (
				CEEEA8E7E46A201CCEF175A8 /* Pods-LBS_for_Hajj.debug.xcconfig */,
				407FE8B29404AF9607FC601C /* Pods-LBS_for_Hajj.release.xcconfig */,
			);
			name = Pods;
			sourceTree = "<group>";
		};
		775D21D52113568600761209 = {
			isa = PBXGroup;
			children = (
				775D21E02113568600761209 /* LBS_for_Hajj */,
				775D21DF2113568600761209 /* Products */,
				6E41B05D139229882B8978FF /* Pods */,
				78EB51256CEE8175D48DB74C /* Frameworks */,
			);
			sourceTree = "<group>";
		};
		775D21DF2113568600761209 /* Products */ = {
			isa = PBXGroup;
			children = (
				775D21DE2113568600761209 /* LBS_for_Hajj.app */,
			);
			name = Products;
			sourceTree = "<group>";
		};
		775D21E02113568600761209 /* LBS_for_Hajj */ = {
			isa = PBXGroup;
			children = (
				775D21F72113586200761209 /* tenants.json */,
				775D21F92113586200761209 /* TGMapViewController.h */,
				775D21F82113586200761209 /* TGMapViewController.m */,
				775D21FA2113586200761209 /* tmapswww */,
				775D21E12113568600761209 /* AppDelegate.h */,
				775D21E22113568600761209 /* AppDelegate.m */,
				775D21E42113568600761209 /* ViewController.h */,
				775D21E52113568600761209 /* ViewController.m */,
				775D21E72113568600761209 /* Main.storyboard */,
				775D21EA2113568800761209 /* Assets.xcassets */,
				775D21EC2113568800761209 /* LaunchScreen.storyboard */,
				775D21EF2113568800761209 /* Info.plist */,
				775D21F02113568800761209 /* main.m */,
			);
			path = LBS_for_Hajj;
			sourceTree = "<group>";
		};
		78EB51256CEE8175D48DB74C /* Frameworks */ = {
			isa = PBXGroup;
			children = (
				F64AE6CF79EAC2C77BF8AE04 /* libPods-LBS_for_Hajj.a */,
			);
			name = Frameworks;
			sourceTree = "<group>";
		};
/* End PBXGroup section */

/* Begin PBXNativeTarget section */
		775D21DD2113568600761209 /* LBS_for_Hajj */ = {
			isa = PBXNativeTarget;
			buildConfigurationList = 775D21F42113568800761209 /* Build configuration list for PBXNativeTarget "LBS_for_Hajj" */;
			buildPhases = (
				00E777A6E9AC503BEEE0DD28 /* [CP] Check Pods Manifest.lock */,
				775D21DA2113568600761209 /* Sources */,
				775D21DB2113568600761209 /* Frameworks */,
				775D21DC2113568600761209 /* Resources */,
				9BFDCD521A067166D15781B3 /* [CP] Copy Pods Resources */,
			);
			buildRules = (
			);
			dependencies = (
			);
			name = LBS_for_Hajj;
			productName = LBS_for_Hajj;
			productReference = 775D21DE2113568600761209 /* LBS_for_Hajj.app */;
			productType = "com.apple.product-type.application";
		};
/* End PBXNativeTarget section */

/* Begin PBXProject section */
		775D21D62113568600761209 /* Project object */ = {
			isa = PBXProject;
			attributes = {
				LastUpgradeCheck = 0940;
				ORGANIZATIONNAME = EssoCompany;
				TargetAttributes = {
					775D21DD2113568600761209 = {
						CreatedOnToolsVersion = 9.4;
					};
				};
			};
			buildConfigurationList = 775D21D92113568600761209 /* Build configuration list for PBXProject "LBS_for_Hajj" */;
			compatibilityVersion = "Xcode 9.3";
			developmentRegion = en;
			hasScannedForEncodings = 0;
			knownRegions = (
				en,
				Base,
			);
			mainGroup = 775D21D52113568600761209;
			productRefGroup = 775D21DF2113568600761209 /* Products */;
			projectDirPath = "";
			projectRoot = "";
			targets = (
				775D21DD2113568600761209 /* LBS_for_Hajj */,
			);
		};
/* End PBXProject section */

/* Begin PBXResourcesBuildPhase section */
		775D21DC2113568600761209 /* Resources */ = {
			isa = PBXResourcesBuildPhase;
			buildActionMask = 2147483647;
			files = (
				775D21EE2113568800761209 /* LaunchScreen.storyboard in Resources */,
				775D21FB2113586200761209 /* tenants.json in Resources */,
				775D21EB2113568800761209 /* Assets.xcassets in Resources */,
				775D21E92113568600761209 /* Main.storyboard in Resources */,
				775D21FD2113586200761209 /* tmapswww in Resources */,
			);
			runOnlyForDeploymentPostprocessing = 0;
		};
/* End PBXResourcesBuildPhase section */

/* Begin PBXShellScriptBuildPhase section */
		00E777A6E9AC503BEEE0DD28 /* [CP] Check Pods Manifest.lock */ = {
			isa = PBXShellScriptBuildPhase;
			buildActionMask = 2147483647;
			files = (
			);
			inputPaths = (
				"${PODS_PODFILE_DIR_PATH}/Podfile.lock",
				"${PODS_ROOT}/Manifest.lock",
			);
			name = "[CP] Check Pods Manifest.lock";
			outputPaths = (
				"$(DERIVED_FILE_DIR)/Pods-LBS_for_Hajj-checkManifestLockResult.txt",
			);
			runOnlyForDeploymentPostprocessing = 0;
			shellPath = /bin/sh;
			shellScript = "diff \"${PODS_PODFILE_DIR_PATH}/Podfile.lock\" \"${PODS_ROOT}/Manifest.lock\" > /dev/null\nif [ $? != 0 ] ; then\n    # print error to STDERR\n    echo \"error: The sandbox is not in sync with the Podfile.lock. Run 'pod install' or update your CocoaPods installation.\" >&2\n    exit 1\nfi\n# This output is used by Xcode 'outputs' to avoid re-running this script phase.\necho \"SUCCESS\" > \"${SCRIPT_OUTPUT_FILE_0}\"\n";
			showEnvVarsInLog = 0;
		};
		9BFDCD521A067166D15781B3 /* [CP] Copy Pods Resources */ = {
			isa = PBXShellScriptBuildPhase;
			buildActionMask = 2147483647;
			files = (
			);
			inputPaths = (
				"${SRCROOT}/Pods/Target Support Files/Pods-LBS_for_Hajj/Pods-LBS_for_Hajj-resources.sh",
				"${PODS_ROOT}/EstimoteIndoorSDK/EstimoteIndoorLocationSDK/Resources/avatar.png",
				"${PODS_ROOT}/EstimoteIndoorSDK/EstimoteIndoorLocationSDK/Resources/avatar@2x.png",
				"${PODS_ROOT}/EstimoteIndoorSDK/EstimoteIndoorLocationSDK/Resources/avatar@3x.png",
				"${PODS_ROOT}/EstimoteIndoorSDK/EstimoteIndoorLocationSDK/Resources/avatar_noarrow.png",
				"${PODS_ROOT}/EstimoteIndoorSDK/EstimoteIndoorLocationSDK/Resources/avatar_noarrow@2x.png",
				"${PODS_ROOT}/EstimoteIndoorSDK/EstimoteIndoorLocationSDK/Resources/avatar_noarrow@3x.png",
				"${PODS_ROOT}/EstimoteIndoorSDK/EstimoteIndoorLocationSDK/Resources/beaconBeetrootSmall.png",
				"${PODS_ROOT}/EstimoteIndoorSDK/EstimoteIndoorLocationSDK/Resources/beaconBeetrootSmall@2x.png",
				"${PODS_ROOT}/EstimoteIndoorSDK/EstimoteIndoorLocationSDK/Resources/beaconBeetrootSmall@3x.png",
				"${PODS_ROOT}/EstimoteIndoorSDK/EstimoteIndoorLocationSDK/Resources/beaconBlackSmall.png",
				"${PODS_ROOT}/EstimoteIndoorSDK/EstimoteIndoorLocationSDK/Resources/beaconBlackSmall@2x.png",
				"${PODS_ROOT}/EstimoteIndoorSDK/EstimoteIndoorLocationSDK/Resources/beaconBlackSmall@3x.png",
				"${PODS_ROOT}/EstimoteIndoorSDK/EstimoteIndoorLocationSDK/Resources/beaconBlueberrySmall.png",
				"${PODS_ROOT}/EstimoteIndoorSDK/EstimoteIndoorLocationSDK/Resources/beaconBlueberrySmall@2x.png",
				"${PODS_ROOT}/EstimoteIndoorSDK/EstimoteIndoorLocationSDK/Resources/beaconBlueberrySmall@3x.png",
				"${PODS_ROOT}/EstimoteIndoorSDK/EstimoteIndoorLocationSDK/Resources/beaconCandySmall.png",
				"${PODS_ROOT}/EstimoteIndoorSDK/EstimoteIndoorLocationSDK/Resources/beaconCandySmall@2x.png",
				"${PODS_ROOT}/EstimoteIndoorSDK/EstimoteIndoorLocationSDK/Resources/beaconCandySmall@3x.png",
				"${PODS_ROOT}/EstimoteIndoorSDK/EstimoteIndoorLocationSDK/Resources/beaconGreySmall.png",
				"${PODS_ROOT}/EstimoteIndoorSDK/EstimoteIndoorLocationSDK/Resources/beaconGreySmall@2x.png",
				"${PODS_ROOT}/EstimoteIndoorSDK/EstimoteIndoorLocationSDK/Resources/beaconGreySmall@3x.png",
				"${PODS_ROOT}/EstimoteIndoorSDK/EstimoteIndoorLocationSDK/Resources/beaconIcySmall.png",
				"${PODS_ROOT}/EstimoteIndoorSDK/EstimoteIndoorLocationSDK/Resources/beaconIcySmall@2x.png",
				"${PODS_ROOT}/EstimoteIndoorSDK/EstimoteIndoorLocationSDK/Resources/beaconIcySmall@3x.png",
				"${PODS_ROOT}/EstimoteIndoorSDK/EstimoteIndoorLocationSDK/Resources/beaconLemonSmall.png",
				"${PODS_ROOT}/EstimoteIndoorSDK/EstimoteIndoorLocationSDK/Resources/beaconLemonSmall@2x.png",
				"${PODS_ROOT}/EstimoteIndoorSDK/EstimoteIndoorLocationSDK/Resources/beaconLemonSmall@3x.png",
				"${PODS_ROOT}/EstimoteIndoorSDK/EstimoteIndoorLocationSDK/Resources/beaconMintSmall.png",
				"${PODS_ROOT}/EstimoteIndoorSDK/EstimoteIndoorLocationSDK/Resources/beaconMintSmall@2x.png",
				"${PODS_ROOT}/EstimoteIndoorSDK/EstimoteIndoorLocationSDK/Resources/beaconMintSmall@3x.png",
				"${PODS_ROOT}/EstimoteIndoorSDK/EstimoteIndoorLocationSDK/Resources/beaconTransparentSmall.png",
				"${PODS_ROOT}/EstimoteIndoorSDK/EstimoteIndoorLocationSDK/Resources/beaconTransparentSmall@2x.png",
				"${PODS_ROOT}/EstimoteIndoorSDK/EstimoteIndoorLocationSDK/Resources/beaconTransparentSmall@3x.png",
				"${PODS_ROOT}/EstimoteIndoorSDK/EstimoteIndoorLocationSDK/Resources/beaconWhiteSmall.png",
				"${PODS_ROOT}/EstimoteIndoorSDK/EstimoteIndoorLocationSDK/Resources/beaconWhiteSmall@2x.png",
				"${PODS_ROOT}/EstimoteIndoorSDK/EstimoteIndoorLocationSDK/Resources/beaconWhiteSmall@3x.png",
			);
			name = "[CP] Copy Pods Resources";
			outputPaths = (
				"${TARGET_BUILD_DIR}/${UNLOCALIZED_RESOURCES_FOLDER_PATH}/avatar.png",
				"${TARGET_BUILD_DIR}/${UNLOCALIZED_RESOURCES_FOLDER_PATH}/avatar@2x.png",
				"${TARGET_BUILD_DIR}/${UNLOCALIZED_RESOURCES_FOLDER_PATH}/avatar@3x.png",
				"${TARGET_BUILD_DIR}/${UNLOCALIZED_RESOURCES_FOLDER_PATH}/avatar_noarrow.png",
				"${TARGET_BUILD_DIR}/${UNLOCALIZED_RESOURCES_FOLDER_PATH}/avatar_noarrow@2x.png",
				"${TARGET_BUILD_DIR}/${UNLOCALIZED_RESOURCES_FOLDER_PATH}/avatar_noarrow@3x.png",
				"${TARGET_BUILD_DIR}/${UNLOCALIZED_RESOURCES_FOLDER_PATH}/beaconBeetrootSmall.png",
				"${TARGET_BUILD_DIR}/${UNLOCALIZED_RESOURCES_FOLDER_PATH}/beaconBeetrootSmall@2x.png",
				"${TARGET_BUILD_DIR}/${UNLOCALIZED_RESOURCES_FOLDER_PATH}/beaconBeetrootSmall@3x.png",
				"${TARGET_BUILD_DIR}/${UNLOCALIZED_RESOURCES_FOLDER_PATH}/beaconBlackSmall.png",
				"${TARGET_BUILD_DIR}/${UNLOCALIZED_RESOURCES_FOLDER_PATH}/beaconBlackSmall@2x.png",
				"${TARGET_BUILD_DIR}/${UNLOCALIZED_RESOURCES_FOLDER_PATH}/beaconBlackSmall@3x.png",
				"${TARGET_BUILD_DIR}/${UNLOCALIZED_RESOURCES_FOLDER_PATH}/beaconBlueberrySmall.png",
				"${TARGET_BUILD_DIR}/${UNLOCALIZED_RESOURCES_FOLDER_PATH}/beaconBlueberrySmall@2x.png",
				"${TARGET_BUILD_DIR}/${UNLOCALIZED_RESOURCES_FOLDER_PATH}/beaconBlueberrySmall@3x.png",
				"${TARGET_BUILD_DIR}/${UNLOCALIZED_RESOURCES_FOLDER_PATH}/beaconCandySmall.png",
				"${TARGET_BUILD_DIR}/${UNLOCALIZED_RESOURCES_FOLDER_PATH}/beaconCandySmall@2x.png",
				"${TARGET_BUILD_DIR}/${UNLOCALIZED_RESOURCES_FOLDER_PATH}/beaconCandySmall@3x.png",
				"${TARGET_BUILD_DIR}/${UNLOCALIZED_RESOURCES_FOLDER_PATH}/beaconGreySmall.png",
				"${TARGET_BUILD_DIR}/${UNLOCALIZED_RESOURCES_FOLDER_PATH}/beaconGreySmall@2x.png",
				"${TARGET_BUILD_DIR}/${UNLOCALIZED_RESOURCES_FOLDER_PATH}/beaconGreySmall@3x.png",
				"${TARGET_BUILD_DIR}/${UNLOCALIZED_RESOURCES_FOLDER_PATH}/beaconIcySmall.png",
				"${TARGET_BUILD_DIR}/${UNLOCALIZED_RESOURCES_FOLDER_PATH}/beaconIcySmall@2x.png",
				"${TARGET_BUILD_DIR}/${UNLOCALIZED_RESOURCES_FOLDER_PATH}/beaconIcySmall@3x.png",
				"${TARGET_BUILD_DIR}/${UNLOCALIZED_RESOURCES_FOLDER_PATH}/beaconLemonSmall.png",
				"${TARGET_BUILD_DIR}/${UNLOCALIZED_RESOURCES_FOLDER_PATH}/beaconLemonSmall@2x.png",
				"${TARGET_BUILD_DIR}/${UNLOCALIZED_RESOURCES_FOLDER_PATH}/beaconLemonSmall@3x.png",
				"${TARGET_BUILD_DIR}/${UNLOCALIZED_RESOURCES_FOLDER_PATH}/beaconMintSmall.png",
				"${TARGET_BUILD_DIR}/${UNLOCALIZED_RESOURCES_FOLDER_PATH}/beaconMintSmall@2x.png",
				"${TARGET_BUILD_DIR}/${UNLOCALIZED_RESOURCES_FOLDER_PATH}/beaconMintSmall@3x.png",
				"${TARGET_BUILD_DIR}/${UNLOCALIZED_RESOURCES_FOLDER_PATH}/beaconTransparentSmall.png",
				"${TARGET_BUILD_DIR}/${UNLOCALIZED_RESOURCES_FOLDER_PATH}/beaconTransparentSmall@2x.png",
				"${TARGET_BUILD_DIR}/${UNLOCALIZED_RESOURCES_FOLDER_PATH}/beaconTransparentSmall@3x.png",
				"${TARGET_BUILD_DIR}/${UNLOCALIZED_RESOURCES_FOLDER_PATH}/beaconWhiteSmall.png",
				"${TARGET_BUILD_DIR}/${UNLOCALIZED_RESOURCES_FOLDER_PATH}/beaconWhiteSmall@2x.png",
				"${TARGET_BUILD_DIR}/${UNLOCALIZED_RESOURCES_FOLDER_PATH}/beaconWhiteSmall@3x.png",
			);
			runOnlyForDeploymentPostprocessing = 0;
			shellPath = /bin/sh;
			shellScript = "\"${SRCROOT}/Pods/Target Support Files/Pods-LBS_for_Hajj/Pods-LBS_for_Hajj-resources.sh\"\n";
			showEnvVarsInLog = 0;
		};
/* End PBXShellScriptBuildPhase section */

/* Begin PBXSourcesBuildPhase section */
		775D21DA2113568600761209 /* Sources */ = {
			isa = PBXSourcesBuildPhase;
			buildActionMask = 2147483647;
			files = (
				775D21FC2113586200761209 /* TGMapViewController.m in Sources */,
				775D21E62113568600761209 /* ViewController.m in Sources */,
				775D21F12113568800761209 /* main.m in Sources */,
				775D21E32113568600761209 /* AppDelegate.m in Sources */,
			);
			runOnlyForDeploymentPostprocessing = 0;
		};
/* End PBXSourcesBuildPhase section */

/* Begin PBXVariantGroup section */
		775D21E72113568600761209 /* Main.storyboard */ = {
			isa = PBXVariantGroup;
			children = (
				775D21E82113568600761209 /* Base */,
			);
			name = Main.storyboard;
			sourceTree = "<group>";
		};
		775D21EC2113568800761209 /* LaunchScreen.storyboard */ = {
			isa = PBXVariantGroup;
			children = (
				775D21ED2113568800761209 /* Base */,
			);
			name = LaunchScreen.storyboard;
			sourceTree = "<group>";
		};
/* End PBXVariantGroup section */

/* Begin XCBuildConfiguration section */
		775D21F22113568800761209 /* Debug */ = {
			isa = XCBuildConfiguration;
			buildSettings = {
				ALWAYS_SEARCH_USER_PATHS = NO;
				CLANG_ANALYZER_NONNULL = YES;
				CLANG_ANALYZER_NUMBER_OBJECT_CONVERSION = YES_AGGRESSIVE;
				CLANG_CXX_LANGUAGE_STANDARD = "gnu++14";
				CLANG_CXX_LIBRARY = "libc++";
				CLANG_ENABLE_MODULES = YES;
				CLANG_ENABLE_OBJC_ARC = YES;
				CLANG_ENABLE_OBJC_WEAK = YES;
				CLANG_WARN_BLOCK_CAPTURE_AUTORELEASING = YES;
				CLANG_WARN_BOOL_CONVERSION = YES;
				CLANG_WARN_COMMA = YES;
				CLANG_WARN_CONSTANT_CONVERSION = YES;
				CLANG_WARN_DEPRECATED_OBJC_IMPLEMENTATIONS = YES;
				CLANG_WARN_DIRECT_OBJC_ISA_USAGE = YES_ERROR;
				CLANG_WARN_DOCUMENTATION_COMMENTS = YES;
				CLANG_WARN_EMPTY_BODY = YES;
				CLANG_WARN_ENUM_CONVERSION = YES;
				CLANG_WARN_INFINITE_RECURSION = YES;
				CLANG_WARN_INT_CONVERSION = YES;
				CLANG_WARN_NON_LITERAL_NULL_CONVERSION = YES;
				CLANG_WARN_OBJC_IMPLICIT_RETAIN_SELF = YES;
				CLANG_WARN_OBJC_LITERAL_CONVERSION = YES;
				CLANG_WARN_OBJC_ROOT_CLASS = YES_ERROR;
				CLANG_WARN_RANGE_LOOP_ANALYSIS = YES;
				CLANG_WARN_STRICT_PROTOTYPES = YES;
				CLANG_WARN_SUSPICIOUS_MOVE = YES;
				CLANG_WARN_UNGUARDED_AVAILABILITY = YES_AGGRESSIVE;
				CLANG_WARN_UNREACHABLE_CODE = YES;
				CLANG_WARN__DUPLICATE_METHOD_MATCH = YES;
				CODE_SIGN_IDENTITY = "iPhone Developer";
				COPY_PHASE_STRIP = NO;
				DEBUG_INFORMATION_FORMAT = dwarf;
				ENABLE_STRICT_OBJC_MSGSEND = YES;
				ENABLE_TESTABILITY = YES;
				GCC_C_LANGUAGE_STANDARD = gnu11;
				GCC_DYNAMIC_NO_PIC = NO;
				GCC_NO_COMMON_BLOCKS = YES;
				GCC_OPTIMIZATION_LEVEL = 0;
				GCC_PREPROCESSOR_DEFINITIONS = (
					"DEBUG=1",
					"$(inherited)",
				);
				GCC_WARN_64_TO_32_BIT_CONVERSION = YES;
				GCC_WARN_ABOUT_RETURN_TYPE = YES_ERROR;
				GCC_WARN_UNDECLARED_SELECTOR = YES;
				GCC_WARN_UNINITIALIZED_AUTOS = YES_AGGRESSIVE;
				GCC_WARN_UNUSED_FUNCTION = YES;
				GCC_WARN_UNUSED_VARIABLE = YES;
				IPHONEOS_DEPLOYMENT_TARGET = 11.4;
				MTL_ENABLE_DEBUG_INFO = YES;
				ONLY_ACTIVE_ARCH = YES;
				SDKROOT = iphoneos;
			};
			name = Debug;
		};
		775D21F32113568800761209 /* Release */ = {
			isa = XCBuildConfiguration;
			buildSettings = {
				ALWAYS_SEARCH_USER_PATHS = NO;
				CLANG_ANALYZER_NONNULL = YES;
				CLANG_ANALYZER_NUMBER_OBJECT_CONVERSION = YES_AGGRESSIVE;
				CLANG_CXX_LANGUAGE_STANDARD = "gnu++14";
				CLANG_CXX_LIBRARY = "libc++";
				CLANG_ENABLE_MODULES = YES;
				CLANG_ENABLE_OBJC_ARC = YES;
				CLANG_ENABLE_OBJC_WEAK = YES;
				CLANG_WARN_BLOCK_CAPTURE_AUTORELEASING = YES;
				CLANG_WARN_BOOL_CONVERSION = YES;
				CLANG_WARN_COMMA = YES;
				CLANG_WARN_CONSTANT_CONVERSION = YES;
				CLANG_WARN_DEPRECATED_OBJC_IMPLEMENTATIONS = YES;
				CLANG_WARN_DIRECT_OBJC_ISA_USAGE = YES_ERROR;
				CLANG_WARN_DOCUMENTATION_COMMENTS = YES;
				CLANG_WARN_EMPTY_BODY = YES;
				CLANG_WARN_ENUM_CONVERSION = YES;
				CLANG_WARN_INFINITE_RECURSION = YES;
				CLANG_WARN_INT_CONVERSION = YES;
				CLANG_WARN_NON_LITERAL_NULL_CONVERSION = YES;
				CLANG_WARN_OBJC_IMPLICIT_RETAIN_SELF = YES;
				CLANG_WARN_OBJC_LITERAL_CONVERSION = YES;
				CLANG_WARN_OBJC_ROOT_CLASS = YES_ERROR;
				CLANG_WARN_RANGE_LOOP_ANALYSIS = YES;
				CLANG_WARN_STRICT_PROTOTYPES = YES;
				CLANG_WARN_SUSPICIOUS_MOVE = YES;
				CLANG_WARN_UNGUARDED_AVAILABILITY = YES_AGGRESSIVE;
				CLANG_WARN_UNREACHABLE_CODE = YES;
				CLANG_WARN__DUPLICATE_METHOD_MATCH = YES;
				CODE_SIGN_IDENTITY = "iPhone Developer";
				COPY_PHASE_STRIP = NO;
				DEBUG_INFORMATION_FORMAT = "dwarf-with-dsym";
				ENABLE_NS_ASSERTIONS = NO;
				ENABLE_STRICT_OBJC_MSGSEND = YES;
				GCC_C_LANGUAGE_STANDARD = gnu11;
				GCC_NO_COMMON_BLOCKS = YES;
				GCC_WARN_64_TO_32_BIT_CONVERSION = YES;
				GCC_WARN_ABOUT_RETURN_TYPE = YES_ERROR;
				GCC_WARN_UNDECLARED_SELECTOR = YES;
				GCC_WARN_UNINITIALIZED_AUTOS = YES_AGGRESSIVE;
				GCC_WARN_UNUSED_FUNCTION = YES;
				GCC_WARN_UNUSED_VARIABLE = YES;
				IPHONEOS_DEPLOYMENT_TARGET = 11.4;
				MTL_ENABLE_DEBUG_INFO = NO;
				SDKROOT = iphoneos;
				VALIDATE_PRODUCT = YES;
			};
			name = Release;
		};
		775D21F52113568800761209 /* Debug */ = {
			isa = XCBuildConfiguration;
			baseConfigurationReference = CEEEA8E7E46A201CCEF175A8 /* Pods-LBS_for_Hajj.debug.xcconfig */;
			buildSettings = {
				ASSETCATALOG_COMPILER_APPICON_NAME = AppIcon;
				CODE_SIGN_STYLE = Automatic;
				DEVELOPMENT_TEAM = 7Z9FL5CM7W;
				INFOPLIST_FILE = LBS_for_Hajj/Info.plist;
				IPHONEOS_DEPLOYMENT_TARGET = 9.0;
				LD_RUNPATH_SEARCH_PATHS = (
					"$(inherited)",
					"@executable_path/Frameworks",
				);
				PRODUCT_BUNDLE_IDENTIFIER = "esraa.LBS-for-Hajj";
				PRODUCT_NAME = "$(TARGET_NAME)";
				TARGETED_DEVICE_FAMILY = "1,2";
			};
			name = Debug;
		};
		775D21F62113568800761209 /* Release */ = {
			isa = XCBuildConfiguration;
			baseConfigurationReference = 407FE8B29404AF9607FC601C /* Pods-LBS_for_Hajj.release.xcconfig */;
			buildSettings = {
				ASSETCATALOG_COMPILER_APPICON_NAME = AppIcon;
				CODE_SIGN_STYLE = Automatic;
				DEVELOPMENT_TEAM = 7Z9FL5CM7W;
				INFOPLIST_FILE = LBS_for_Hajj/Info.plist;
				IPHONEOS_DEPLOYMENT_TARGET = 9.0;
				LD_RUNPATH_SEARCH_PATHS = (
					"$(inherited)",
					"@executable_path/Frameworks",
				);
				PRODUCT_BUNDLE_IDENTIFIER = "esraa.LBS-for-Hajj";
				PRODUCT_NAME = "$(TARGET_NAME)";
				TARGETED_DEVICE_FAMILY = "1,2";
			};
			name = Release;
		};
/* End XCBuildConfiguration section */

/* Begin XCConfigurationList section */
		775D21D92113568600761209 /* Build configuration list for PBXProject "LBS_for_Hajj" */ = {
			isa = XCConfigurationList;
			buildConfigurations = (
				775D21F22113568800761209 /* Debug */,
				775D21F32113568800761209 /* Release */,
			);
			defaultConfigurationIsVisible = 0;
			defaultConfigurationName = Release;
		};
		775D21F42113568800761209 /* Build configuration list for PBXNativeTarget "LBS_for_Hajj" */ = {
			isa = XCConfigurationList;
			buildConfigurations = (
				775D21F52113568800761209 /* Debug */,
				775D21F62113568800761209 /* Release */,
			);
			defaultConfigurationIsVisible = 0;
			defaultConfigurationName = Release;
		};
/* End XCConfigurationList section */
	};
	rootObject = 775D21D62113568600761209 /* Project object */;
}
